// !$*UTF8*$!
{
	archiveVersion = 1;
	classes = {
	};
	objectVersion = 46;
	objects = {

/* Begin PBXBuildFile section */
		65337A3E1BC16526009925E5 /* CallCell.swift in Sources */ = {isa = PBXBuildFile; fileRef = 65337A3D1BC16526009925E5 /* CallCell.swift */; };
		65337A401BC166BB009925E5 /* CallListTableViewController.swift in Sources */ = {isa = PBXBuildFile; fileRef = 65337A3F1BC166BB009925E5 /* CallListTableViewController.swift */; };
		65337A421BC2E3C4009925E5 /* TR064Manager.swift in Sources */ = {isa = PBXBuildFile; fileRef = 65337A411BC2E3C4009925E5 /* TR064Manager.swift */; };
		655EBB591BC050720002B217 /* TableViewInputCell.swift in Sources */ = {isa = PBXBuildFile; fileRef = 655EBB581BC050720002B217 /* TableViewInputCell.swift */; };
		655F61FE1BC12C9000D723EE /* Contact.swift in Sources */ = {isa = PBXBuildFile; fileRef = 655F61FD1BC12C9000D723EE /* Contact.swift */; };
		655F62001BC139A900D723EE /* WebViewController.swift in Sources */ = {isa = PBXBuildFile; fileRef = 655F61FF1BC139A900D723EE /* WebViewController.swift */; };
		65C005991BC1478100FDCFFA /* WebViewSegue.swift in Sources */ = {isa = PBXBuildFile; fileRef = 65C005981BC1478100FDCFFA /* WebViewSegue.swift */; };
		65C0059B1BC14E3300FDCFFA /* XMLResponseViewController.swift in Sources */ = {isa = PBXBuildFile; fileRef = 65C0059A1BC14E3300FDCFFA /* XMLResponseViewController.swift */; };
		65C8256B1BB75E02005DF551 /* AppDelegate.swift in Sources */ = {isa = PBXBuildFile; fileRef = 65C8256A1BB75E02005DF551 /* AppDelegate.swift */; };
		65C8256D1BB75E02005DF551 /* MasterViewController.swift in Sources */ = {isa = PBXBuildFile; fileRef = 65C8256C1BB75E02005DF551 /* MasterViewController.swift */; };
		65C8256F1BB75E02005DF551 /* DetailViewController.swift in Sources */ = {isa = PBXBuildFile; fileRef = 65C8256E1BB75E02005DF551 /* DetailViewController.swift */; };
		65C825721BB75E02005DF551 /* Main.storyboard in Resources */ = {isa = PBXBuildFile; fileRef = 65C825701BB75E02005DF551 /* Main.storyboard */; };
		65C825741BB75E02005DF551 /* Assets.xcassets in Resources */ = {isa = PBXBuildFile; fileRef = 65C825731BB75E02005DF551 /* Assets.xcassets */; };
		65C825771BB75E02005DF551 /* LaunchScreen.storyboard in Resources */ = {isa = PBXBuildFile; fileRef = 65C825751BB75E02005DF551 /* LaunchScreen.storyboard */; };
		65C8257F1BB75E86005DF551 /* AEXML.swift in Sources */ = {isa = PBXBuildFile; fileRef = 65C8257E1BB75E86005DF551 /* AEXML.swift */; };
		65C825811BB76010005DF551 /* TR064.swift in Sources */ = {isa = PBXBuildFile; fileRef = 65C825801BB76010005DF551 /* TR064.swift */; };
		65C825831BB76048005DF551 /* Service.swift in Sources */ = {isa = PBXBuildFile; fileRef = 65C825821BB76048005DF551 /* Service.swift */; };
		65C825851BB76079005DF551 /* Action.swift in Sources */ = {isa = PBXBuildFile; fileRef = 65C825841BB76079005DF551 /* Action.swift */; };
		65C8258B1BB7627D005DF551 /* Alamofire.framework in Frameworks */ = {isa = PBXBuildFile; fileRef = 65C8258A1BB7627D005DF551 /* Alamofire.framework */; };
		65C8258D1BB762F5005DF551 /* Alamofire.framework in Embed Frameworks */ = {isa = PBXBuildFile; fileRef = 65C8258A1BB7627D005DF551 /* Alamofire.framework */; settings = {ATTRIBUTES = (CodeSignOnCopy, RemoveHeadersOnCopy, ); }; };
		65E9F9531BBC4AE600DDA8E7 /* Call.swift in Sources */ = {isa = PBXBuildFile; fileRef = 65E9F9521BBC4AE600DDA8E7 /* Call.swift */; };
/* End PBXBuildFile section */

/* Begin PBXCopyFilesBuildPhase section */
		65C8258E1BB762F5005DF551 /* Embed Frameworks */ = {
			isa = PBXCopyFilesBuildPhase;
			buildActionMask = 2147483647;
			dstPath = "";
			dstSubfolderSpec = 10;
			files = (
				65C8258D1BB762F5005DF551 /* Alamofire.framework in Embed Frameworks */,
			);
			name = "Embed Frameworks";
			runOnlyForDeploymentPostprocessing = 0;
		};
/* End PBXCopyFilesBuildPhase section */

/* Begin PBXFileReference section */
		65337A3D1BC16526009925E5 /* CallCell.swift */ = {isa = PBXFileReference; fileEncoding = 4; lastKnownFileType = sourcecode.swift; path = CallCell.swift; sourceTree = "<group>"; };
		65337A3F1BC166BB009925E5 /* CallListTableViewController.swift */ = {isa = PBXFileReference; fileEncoding = 4; lastKnownFileType = sourcecode.swift; path = CallListTableViewController.swift; sourceTree = "<group>"; };
		65337A411BC2E3C4009925E5 /* TR064Manager.swift */ = {isa = PBXFileReference; fileEncoding = 4; lastKnownFileType = sourcecode.swift; path = TR064Manager.swift; sourceTree = "<group>"; };
		655EBB581BC050720002B217 /* TableViewInputCell.swift */ = {isa = PBXFileReference; fileEncoding = 4; lastKnownFileType = sourcecode.swift; name = TableViewInputCell.swift; path = ../TableViewInputCell.swift; sourceTree = "<group>"; };
		655F61FD1BC12C9000D723EE /* Contact.swift */ = {isa = PBXFileReference; fileEncoding = 4; lastKnownFileType = sourcecode.swift; path = Contact.swift; sourceTree = "<group>"; };
		655F61FF1BC139A900D723EE /* WebViewController.swift */ = {isa = PBXFileReference; fileEncoding = 4; lastKnownFileType = sourcecode.swift; path = WebViewController.swift; sourceTree = "<group>"; };
		65C005981BC1478100FDCFFA /* WebViewSegue.swift */ = {isa = PBXFileReference; fileEncoding = 4; lastKnownFileType = sourcecode.swift; path = WebViewSegue.swift; sourceTree = "<group>"; };
		65C0059A1BC14E3300FDCFFA /* XMLResponseViewController.swift */ = {isa = PBXFileReference; fileEncoding = 4; lastKnownFileType = sourcecode.swift; path = XMLResponseViewController.swift; sourceTree = "<group>"; };
		65C825671BB75E02005DF551 /* Fritz TR064.app */ = {isa = PBXFileReference; explicitFileType = wrapper.application; includeInIndex = 0; path = "Fritz TR064.app"; sourceTree = BUILT_PRODUCTS_DIR; };
		65C8256A1BB75E02005DF551 /* AppDelegate.swift */ = {isa = PBXFileReference; lastKnownFileType = sourcecode.swift; path = AppDelegate.swift; sourceTree = "<group>"; };
		65C8256C1BB75E02005DF551 /* MasterViewController.swift */ = {isa = PBXFileReference; lastKnownFileType = sourcecode.swift; path = MasterViewController.swift; sourceTree = "<group>"; };
		65C8256E1BB75E02005DF551 /* DetailViewController.swift */ = {isa = PBXFileReference; lastKnownFileType = sourcecode.swift; path = DetailViewController.swift; sourceTree = "<group>"; };
		65C825711BB75E02005DF551 /* Base */ = {isa = PBXFileReference; lastKnownFileType = file.storyboard; name = Base; path = Base.lproj/Main.storyboard; sourceTree = "<group>"; };
		65C825731BB75E02005DF551 /* Assets.xcassets */ = {isa = PBXFileReference; lastKnownFileType = folder.assetcatalog; path = Assets.xcassets; sourceTree = "<group>"; };
		65C825761BB75E02005DF551 /* Base */ = {isa = PBXFileReference; lastKnownFileType = file.storyboard; name = Base; path = Base.lproj/LaunchScreen.storyboard; sourceTree = "<group>"; };
		65C825781BB75E02005DF551 /* Info.plist */ = {isa = PBXFileReference; lastKnownFileType = text.plist.xml; path = Info.plist; sourceTree = "<group>"; };
		65C8257E1BB75E86005DF551 /* AEXML.swift */ = {isa = PBXFileReference; fileEncoding = 4; lastKnownFileType = sourcecode.swift; path = AEXML.swift; sourceTree = "<group>"; };
		65C825801BB76010005DF551 /* TR064.swift */ = {isa = PBXFileReference; fileEncoding = 4; lastKnownFileType = sourcecode.swift; path = TR064.swift; sourceTree = "<group>"; };
		65C825821BB76048005DF551 /* Service.swift */ = {isa = PBXFileReference; fileEncoding = 4; lastKnownFileType = sourcecode.swift; path = Service.swift; sourceTree = "<group>"; };
		65C825841BB76079005DF551 /* Action.swift */ = {isa = PBXFileReference; fileEncoding = 4; lastKnownFileType = sourcecode.swift; path = Action.swift; sourceTree = "<group>"; };
		65C8258A1BB7627D005DF551 /* Alamofire.framework */ = {isa = PBXFileReference; lastKnownFileType = wrapper.framework; name = Alamofire.framework; path = Carthage/Build/iOS/Alamofire.framework; sourceTree = "<group>"; };
		65E9F9521BBC4AE600DDA8E7 /* Call.swift */ = {isa = PBXFileReference; fileEncoding = 4; lastKnownFileType = sourcecode.swift; path = Call.swift; sourceTree = "<group>"; };
/* End PBXFileReference section */

/* Begin PBXFrameworksBuildPhase section */
		65C825641BB75E02005DF551 /* Frameworks */ = {
			isa = PBXFrameworksBuildPhase;
			buildActionMask = 2147483647;
			files = (
				65C8258B1BB7627D005DF551 /* Alamofire.framework in Frameworks */,
			);
			runOnlyForDeploymentPostprocessing = 0;
		};
/* End PBXFrameworksBuildPhase section */

/* Begin PBXGroup section */
		65C8255E1BB75E02005DF551 = {
			isa = PBXGroup;
			children = (
				65C8258A1BB7627D005DF551 /* Alamofire.framework */,
				65C825691BB75E02005DF551 /* Fritz TR064 */,
				65C825681BB75E02005DF551 /* Products */,
			);
			sourceTree = "<group>";
		};
		65C825681BB75E02005DF551 /* Products */ = {
			isa = PBXGroup;
			children = (
				65C825671BB75E02005DF551 /* Fritz TR064.app */,
			);
			name = Products;
			sourceTree = "<group>";
		};
		65C825691BB75E02005DF551 /* Fritz TR064 */ = {
			isa = PBXGroup;
			children = (
				65C8256A1BB75E02005DF551 /* AppDelegate.swift */,
				65C8256C1BB75E02005DF551 /* MasterViewController.swift */,
				65C8256E1BB75E02005DF551 /* DetailViewController.swift */,
				655EBB581BC050720002B217 /* TableViewInputCell.swift */,
				65C0059A1BC14E3300FDCFFA /* XMLResponseViewController.swift */,
				65337A3F1BC166BB009925E5 /* CallListTableViewController.swift */,
				65C825701BB75E02005DF551 /* Main.storyboard */,
				65C825731BB75E02005DF551 /* Assets.xcassets */,
				65C825751BB75E02005DF551 /* LaunchScreen.storyboard */,
				65C825781BB75E02005DF551 /* Info.plist */,
				65C8257E1BB75E86005DF551 /* AEXML.swift */,
				65337A411BC2E3C4009925E5 /* TR064Manager.swift */,
				65C825801BB76010005DF551 /* TR064.swift */,
				655F61FD1BC12C9000D723EE /* Contact.swift */,
				65E9F9521BBC4AE600DDA8E7 /* Call.swift */,
				65337A3D1BC16526009925E5 /* CallCell.swift */,
				65C825821BB76048005DF551 /* Service.swift */,
				65C825841BB76079005DF551 /* Action.swift */,
				65C005981BC1478100FDCFFA /* WebViewSegue.swift */,
				655F61FF1BC139A900D723EE /* WebViewController.swift */,
			);
			path = "Fritz TR064";
			sourceTree = "<group>";
		};
/* End PBXGroup section */

/* Begin PBXNativeTarget section */
		65C825661BB75E02005DF551 /* Fritz TR064 */ = {
			isa = PBXNativeTarget;
			buildConfigurationList = 65C8257B1BB75E02005DF551 /* Build configuration list for PBXNativeTarget "Fritz TR064" */;
			buildPhases = (
				65C825631BB75E02005DF551 /* Sources */,
				65C825641BB75E02005DF551 /* Frameworks */,
				65C825651BB75E02005DF551 /* Resources */,
				65C8258E1BB762F5005DF551 /* Embed Frameworks */,
			);
			buildRules = (
			);
			dependencies = (
			);
			name = "Fritz TR064";
			productName = "Fritz TR064";
			productReference = 65C825671BB75E02005DF551 /* Fritz TR064.app */;
			productType = "com.apple.product-type.application";
		};
/* End PBXNativeTarget section */

/* Begin PBXProject section */
		65C8255F1BB75E02005DF551 /* Project object */ = {
			isa = PBXProject;
			attributes = {
				LastUpgradeCheck = 0710;
				ORGANIZATIONNAME = "Daniel Müllenborn";
				TargetAttributes = {
					65C825661BB75E02005DF551 = {
						CreatedOnToolsVersion = 7.1;
					};
				};
			};
			buildConfigurationList = 65C825621BB75E02005DF551 /* Build configuration list for PBXProject "Fritz TR064" */;
			compatibilityVersion = "Xcode 3.2";
			developmentRegion = English;
			hasScannedForEncodings = 0;
			knownRegions = (
				en,
				Base,
			);
			mainGroup = 65C8255E1BB75E02005DF551;
			productRefGroup = 65C825681BB75E02005DF551 /* Products */;
			projectDirPath = "";
			projectRoot = "";
			targets = (
				65C825661BB75E02005DF551 /* Fritz TR064 */,
			);
		};
/* End PBXProject section */

/* Begin PBXResourcesBuildPhase section */
		65C825651BB75E02005DF551 /* Resources */ = {
			isa = PBXResourcesBuildPhase;
			buildActionMask = 2147483647;
			files = (
				65C825771BB75E02005DF551 /* LaunchScreen.storyboard in Resources */,
				65C825741BB75E02005DF551 /* Assets.xcassets in Resources */,
				65C825721BB75E02005DF551 /* Main.storyboard in Resources */,
			);
			runOnlyForDeploymentPostprocessing = 0;
		};
/* End PBXResourcesBuildPhase section */

/* Begin PBXSourcesBuildPhase section */
		65C825631BB75E02005DF551 /* Sources */ = {
			isa = PBXSourcesBuildPhase;
			buildActionMask = 2147483647;
			files = (
				65C8256F1BB75E02005DF551 /* DetailViewController.swift in Sources */,
				65E9F9531BBC4AE600DDA8E7 /* Call.swift in Sources */,
				655F61FE1BC12C9000D723EE /* Contact.swift in Sources */,
				65C8257F1BB75E86005DF551 /* AEXML.swift in Sources */,
				655F62001BC139A900D723EE /* WebViewController.swift in Sources */,
				65C825811BB76010005DF551 /* TR064.swift in Sources */,
				65C8256D1BB75E02005DF551 /* MasterViewController.swift in Sources */,
				65C005991BC1478100FDCFFA /* WebViewSegue.swift in Sources */,
				65337A421BC2E3C4009925E5 /* TR064Manager.swift in Sources */,
				65C825851BB76079005DF551 /* Action.swift in Sources */,
				65337A3E1BC16526009925E5 /* CallCell.swift in Sources */,
				65337A401BC166BB009925E5 /* CallListTableViewController.swift in Sources */,
				655EBB591BC050720002B217 /* TableViewInputCell.swift in Sources */,
				65C8256B1BB75E02005DF551 /* AppDelegate.swift in Sources */,
				65C0059B1BC14E3300FDCFFA /* XMLResponseViewController.swift in Sources */,
				65C825831BB76048005DF551 /* Service.swift in Sources */,
			);
			runOnlyForDeploymentPostprocessing = 0;
		};
/* End PBXSourcesBuildPhase section */

/* Begin PBXVariantGroup section */
		65C825701BB75E02005DF551 /* Main.storyboard */ = {
			isa = PBXVariantGroup;
			children = (
				65C825711BB75E02005DF551 /* Base */,
			);
			name = Main.storyboard;
			sourceTree = "<group>";
		};
		65C825751BB75E02005DF551 /* LaunchScreen.storyboard */ = {
			isa = PBXVariantGroup;
			children = (
				65C825761BB75E02005DF551 /* Base */,
			);
			name = LaunchScreen.storyboard;
			sourceTree = "<group>";
		};
/* End PBXVariantGroup section */

/* Begin XCBuildConfiguration section */
		65C825791BB75E02005DF551 /* Debug */ = {
			isa = XCBuildConfiguration;
			buildSettings = {
				ALWAYS_SEARCH_USER_PATHS = NO;
				CLANG_CXX_LANGUAGE_STANDARD = "gnu++0x";
				CLANG_CXX_LIBRARY = "libc++";
				CLANG_ENABLE_MODULES = YES;
				CLANG_ENABLE_OBJC_ARC = YES;
				CLANG_WARN_BOOL_CONVERSION = YES;
				CLANG_WARN_CONSTANT_CONVERSION = YES;
				CLANG_WARN_DIRECT_OBJC_ISA_USAGE = YES_ERROR;
				CLANG_WARN_EMPTY_BODY = YES;
				CLANG_WARN_ENUM_CONVERSION = YES;
				CLANG_WARN_INT_CONVERSION = YES;
				CLANG_WARN_OBJC_ROOT_CLASS = YES_ERROR;
				CLANG_WARN_UNREACHABLE_CODE = YES;
				CLANG_WARN__DUPLICATE_METHOD_MATCH = YES;
				"CODE_SIGN_IDENTITY[sdk=iphoneos*]" = "iPhone Developer";
				COPY_PHASE_STRIP = NO;
				DEBUG_INFORMATION_FORMAT = dwarf;
				ENABLE_STRICT_OBJC_MSGSEND = YES;
				ENABLE_TESTABILITY = YES;
				GCC_C_LANGUAGE_STANDARD = gnu99;
				GCC_DYNAMIC_NO_PIC = NO;
				GCC_NO_COMMON_BLOCKS = YES;
				GCC_OPTIMIZATION_LEVEL = 0;
				GCC_PREPROCESSOR_DEFINITIONS = (
					"DEBUG=1",
					"$(inherited)",
				);
				GCC_WARN_64_TO_32_BIT_CONVERSION = YES;
				GCC_WARN_ABOUT_RETURN_TYPE = YES_ERROR;
				GCC_WARN_UNDECLARED_SELECTOR = YES;
				GCC_WARN_UNINITIALIZED_AUTOS = YES_AGGRESSIVE;
				GCC_WARN_UNUSED_FUNCTION = YES;
				GCC_WARN_UNUSED_VARIABLE = YES;
				IPHONEOS_DEPLOYMENT_TARGET = 9.1;
				MTL_ENABLE_DEBUG_INFO = YES;
				ONLY_ACTIVE_ARCH = YES;
				SDKROOT = iphoneos;
				SWIFT_OPTIMIZATION_LEVEL = "-Onone";
				TARGETED_DEVICE_FAMILY = "1,2";
			};
			name = Debug;
		};
		65C8257A1BB75E02005DF551 /* Release */ = {
			isa = XCBuildConfiguration;
			buildSettings = {
				ALWAYS_SEARCH_USER_PATHS = NO;
				CLANG_CXX_LANGUAGE_STANDARD = "gnu++0x";
				CLANG_CXX_LIBRARY = "libc++";
				CLANG_ENABLE_MODULES = YES;
				CLANG_ENABLE_OBJC_ARC = YES;
				CLANG_WARN_BOOL_CONVERSION = YES;
				CLANG_WARN_CONSTANT_CONVERSION = YES;
				CLANG_WARN_DIRECT_OBJC_ISA_USAGE = YES_ERROR;
				CLANG_WARN_EMPTY_BODY = YES;
				CLANG_WARN_ENUM_CONVERSION = YES;
				CLANG_WARN_INT_CONVERSION = YES;
				CLANG_WARN_OBJC_ROOT_CLASS = YES_ERROR;
				CLANG_WARN_UNREACHABLE_CODE = YES;
				CLANG_WARN__DUPLICATE_METHOD_MATCH = YES;
				"CODE_SIGN_IDENTITY[sdk=iphoneos*]" = "iPhone Developer";
				COPY_PHASE_STRIP = NO;
				DEBUG_INFORMATION_FORMAT = "dwarf-with-dsym";
				ENABLE_NS_ASSERTIONS = NO;
				ENABLE_STRICT_OBJC_MSGSEND = YES;
				GCC_C_LANGUAGE_STANDARD = gnu99;
				GCC_NO_COMMON_BLOCKS = YES;
				GCC_WARN_64_TO_32_BIT_CONVERSION = YES;
				GCC_WARN_ABOUT_RETURN_TYPE = YES_ERROR;
				GCC_WARN_UNDECLARED_SELECTOR = YES;
				GCC_WARN_UNINITIALIZED_AUTOS = YES_AGGRESSIVE;
				GCC_WARN_UNUSED_FUNCTION = YES;
				GCC_WARN_UNUSED_VARIABLE = YES;
				IPHONEOS_DEPLOYMENT_TARGET = 9.1;
				MTL_ENABLE_DEBUG_INFO = NO;
				SDKROOT = iphoneos;
				TARGETED_DEVICE_FAMILY = "1,2";
				VALIDATE_PRODUCT = YES;
			};
			name = Release;
		};
		65C8257C1BB75E02005DF551 /* Debug */ = {
			isa = XCBuildConfiguration;
			buildSettings = {
				ASSETCATALOG_COMPILER_APPICON_NAME = AppIcon;
				FRAMEWORK_SEARCH_PATHS = (
					"$(inherited)",
					"$(PROJECT_DIR)/Carthage/Build/iOS",
				);
				INFOPLIST_FILE = "Fritz TR064/Info.plist";
				IPHONEOS_DEPLOYMENT_TARGET = 9.0;
				LD_RUNPATH_SEARCH_PATHS = "$(inherited) @executable_path/Frameworks";
				PRODUCT_BUNDLE_IDENTIFIER = "com.damuellen.Fritz-TR064";
				PRODUCT_NAME = "$(TARGET_NAME)";
			};
			name = Debug;
		};
		65C8257D1BB75E02005DF551 /* Release */ = {
			isa = XCBuildConfiguration;
			buildSettings = {
				ASSETCATALOG_COMPILER_APPICON_NAME = AppIcon;
				FRAMEWORK_SEARCH_PATHS = (
					"$(inherited)",
					"$(PROJECT_DIR)/Carthage/Build/iOS",
				);
				INFOPLIST_FILE = "Fritz TR064/Info.plist";
				IPHONEOS_DEPLOYMENT_TARGET = 9.0;
				LD_RUNPATH_SEARCH_PATHS = "$(inherited) @executable_path/Frameworks";
				PRODUCT_BUNDLE_IDENTIFIER = "com.damuellen.Fritz-TR064";
				PRODUCT_NAME = "$(TARGET_NAME)";
			};
			name = Release;
		};
/* End XCBuildConfiguration section */

/* Begin XCConfigurationList section */
		65C825621BB75E02005DF551 /* Build configuration list for PBXProject "Fritz TR064" */ = {
			isa = XCConfigurationList;
			buildConfigurations = (
				65C825791BB75E02005DF551 /* Debug */,
				65C8257A1BB75E02005DF551 /* Release */,
			);
			defaultConfigurationIsVisible = 0;
			defaultConfigurationName = Release;
		};
		65C8257B1BB75E02005DF551 /* Build configuration list for PBXNativeTarget "Fritz TR064" */ = {
			isa = XCConfigurationList;
			buildConfigurations = (
				65C8257C1BB75E02005DF551 /* Debug */,
				65C8257D1BB75E02005DF551 /* Release */,
			);
			defaultConfigurationIsVisible = 0;
			defaultConfigurationName = Release;
		};
/* End XCConfigurationList section */
	};
	rootObject = 65C8255F1BB75E02005DF551 /* Project object */;
}
